// !$*UTF8*$!
{
	archiveVersion = 1;
	classes = {
	};
	objectVersion = 55;
	objects = {

/* Begin PBXBuildFile section */
		4D05552C280F7B6000F2CA80 /* BeaconEmitterApp.swift in Sources */ = {isa = PBXBuildFile; fileRef = 4D05552B280F7B6000F2CA80 /* BeaconEmitterApp.swift */; };
		4D05552E280F7B6000F2CA80 /* BeaconEmitterView.swift in Sources */ = {isa = PBXBuildFile; fileRef = 4D05552D280F7B6000F2CA80 /* BeaconEmitterView.swift */; };
		4D055530280F7B6200F2CA80 /* Assets.xcassets in Resources */ = {isa = PBXBuildFile; fileRef = 4D05552F280F7B6200F2CA80 /* Assets.xcassets */; };
		4D055533280F7B6200F2CA80 /* Preview Assets.xcassets in Resources */ = {isa = PBXBuildFile; fileRef = 4D055532280F7B6200F2CA80 /* Preview Assets.xcassets */; };
		4D127C50296E065E001C86AE /* BeaconRegion.swift in Sources */ = {isa = PBXBuildFile; fileRef = 4D127C4F296E065E001C86AE /* BeaconRegion.swift */; };
		4D127C52296E06E5001C86AE /* BeaconEmitterViewModel.swift in Sources */ = {isa = PBXBuildFile; fileRef = 4D127C51296E06E5001C86AE /* BeaconEmitterViewModel.swift */; };
/* End PBXBuildFile section */

/* Begin PBXFileReference section */
		4D055528280F7B6000F2CA80 /* BeaconEmitter.app */ = {isa = PBXFileReference; explicitFileType = wrapper.application; includeInIndex = 0; path = BeaconEmitter.app; sourceTree = BUILT_PRODUCTS_DIR; };
		4D05552B280F7B6000F2CA80 /* BeaconEmitterApp.swift */ = {isa = PBXFileReference; lastKnownFileType = sourcecode.swift; path = BeaconEmitterApp.swift; sourceTree = "<group>"; };
		4D05552D280F7B6000F2CA80 /* BeaconEmitterView.swift */ = {isa = PBXFileReference; lastKnownFileType = sourcecode.swift; path = BeaconEmitterView.swift; sourceTree = "<group>"; };
		4D05552F280F7B6200F2CA80 /* Assets.xcassets */ = {isa = PBXFileReference; lastKnownFileType = folder.assetcatalog; path = Assets.xcassets; sourceTree = "<group>"; };
		4D055532280F7B6200F2CA80 /* Preview Assets.xcassets */ = {isa = PBXFileReference; lastKnownFileType = folder.assetcatalog; path = "Preview Assets.xcassets"; sourceTree = "<group>"; };
		4D055534280F7B6200F2CA80 /* BeaconEmitter.entitlements */ = {isa = PBXFileReference; lastKnownFileType = text.plist.entitlements; path = BeaconEmitter.entitlements; sourceTree = "<group>"; };
		4D127C4F296E065E001C86AE /* BeaconRegion.swift */ = {isa = PBXFileReference; lastKnownFileType = sourcecode.swift; path = BeaconRegion.swift; sourceTree = "<group>"; };
		4D127C51296E06E5001C86AE /* BeaconEmitterViewModel.swift */ = {isa = PBXFileReference; lastKnownFileType = sourcecode.swift; path = BeaconEmitterViewModel.swift; sourceTree = "<group>"; };
/* End PBXFileReference section */

/* Begin PBXFrameworksBuildPhase section */
		4D055525280F7B6000F2CA80 /* Frameworks */ = {
			isa = PBXFrameworksBuildPhase;
			buildActionMask = 2147483647;
			files = (
			);
			runOnlyForDeploymentPostprocessing = 0;
		};
/* End PBXFrameworksBuildPhase section */

/* Begin PBXGroup section */
		4D05551F280F7B6000F2CA80 = {
			isa = PBXGroup;
			children = (
				4D05552A280F7B6000F2CA80 /* BeaconEmitter */,
				4D055529280F7B6000F2CA80 /* Products */,
			);
			sourceTree = "<group>";
		};
		4D055529280F7B6000F2CA80 /* Products */ = {
			isa = PBXGroup;
			children = (
				4D055528280F7B6000F2CA80 /* BeaconEmitter.app */,
			);
			name = Products;
			sourceTree = "<group>";
		};
		4D05552A280F7B6000F2CA80 /* BeaconEmitter */ = {
			isa = PBXGroup;
			children = (
				4D05552B280F7B6000F2CA80 /* BeaconEmitterApp.swift */,
				4D127C4F296E065E001C86AE /* BeaconRegion.swift */,
				4D127C51296E06E5001C86AE /* BeaconEmitterViewModel.swift */,
				4D05552D280F7B6000F2CA80 /* BeaconEmitterView.swift */,
				4D05552F280F7B6200F2CA80 /* Assets.xcassets */,
				4D055534280F7B6200F2CA80 /* BeaconEmitter.entitlements */,
				4D055531280F7B6200F2CA80 /* Preview Content */,
			);
			path = BeaconEmitter;
			sourceTree = "<group>";
		};
		4D055531280F7B6200F2CA80 /* Preview Content */ = {
			isa = PBXGroup;
			children = (
				4D055532280F7B6200F2CA80 /* Preview Assets.xcassets */,
			);
			path = "Preview Content";
			sourceTree = "<group>";
		};
/* End PBXGroup section */

/* Begin PBXNativeTarget section */
		4D055527280F7B6000F2CA80 /* BeaconEmitter */ = {
			isa = PBXNativeTarget;
			buildConfigurationList = 4D055537280F7B6200F2CA80 /* Build configuration list for PBXNativeTarget "BeaconEmitter" */;
			buildPhases = (
				4D055524280F7B6000F2CA80 /* Sources */,
				4D055525280F7B6000F2CA80 /* Frameworks */,
				4D055526280F7B6000F2CA80 /* Resources */,
			);
			buildRules = (
			);
			dependencies = (
			);
			name = BeaconEmitter;
			productName = BeaconEmitter;
			productReference = 4D055528280F7B6000F2CA80 /* BeaconEmitter.app */;
			productType = "com.apple.product-type.application";
		};
/* End PBXNativeTarget section */

/* Begin PBXProject section */
		4D055520280F7B6000F2CA80 /* Project object */ = {
			isa = PBXProject;
			attributes = {
				BuildIndependentTargetsInParallel = 1;
				LastSwiftUpdateCheck = 1330;
				LastUpgradeCheck = 1420;
				TargetAttributes = {
					4D055527280F7B6000F2CA80 = {
						CreatedOnToolsVersion = 13.3.1;
					};
				};
			};
			buildConfigurationList = 4D055523280F7B6000F2CA80 /* Build configuration list for PBXProject "BeaconEmitter" */;
			compatibilityVersion = "Xcode 13.0";
			developmentRegion = en;
			hasScannedForEncodings = 0;
			knownRegions = (
				en,
				Base,
			);
			mainGroup = 4D05551F280F7B6000F2CA80;
			productRefGroup = 4D055529280F7B6000F2CA80 /* Products */;
			projectDirPath = "";
			projectRoot = "";
			targets = (
				4D055527280F7B6000F2CA80 /* BeaconEmitter */,
			);
		};
/* End PBXProject section */

/* Begin PBXResourcesBuildPhase section */
		4D055526280F7B6000F2CA80 /* Resources */ = {
			isa = PBXResourcesBuildPhase;
			buildActionMask = 2147483647;
			files = (
				4D055533280F7B6200F2CA80 /* Preview Assets.xcassets in Resources */,
				4D055530280F7B6200F2CA80 /* Assets.xcassets in Resources */,
			);
			runOnlyForDeploymentPostprocessing = 0;
		};
/* End PBXResourcesBuildPhase section */

/* Begin PBXSourcesBuildPhase section */
		4D055524280F7B6000F2CA80 /* Sources */ = {
			isa = PBXSourcesBuildPhase;
			buildActionMask = 2147483647;
			files = (
				4D05552E280F7B6000F2CA80 /* BeaconEmitterView.swift in Sources */,
				4D127C52296E06E5001C86AE /* BeaconEmitterViewModel.swift in Sources */,
				4D05552C280F7B6000F2CA80 /* BeaconEmitterApp.swift in Sources */,
				4D127C50296E065E001C86AE /* BeaconRegion.swift in Sources */,
			);
			runOnlyForDeploymentPostprocessing = 0;
		};
/* End PBXSourcesBuildPhase section */

/* Begin XCBuildConfiguration section */
		4D055535280F7B6200F2CA80 /* Debug */ = {
			isa = XCBuildConfiguration;
			buildSettings = {
				ALWAYS_SEARCH_USER_PATHS = NO;
				CLANG_ANALYZER_NONNULL = YES;
				CLANG_ANALYZER_NUMBER_OBJECT_CONVERSION = YES_AGGRESSIVE;
				CLANG_CXX_LANGUAGE_STANDARD = "gnu++17";
				CLANG_ENABLE_MODULES = YES;
				CLANG_ENABLE_OBJC_ARC = YES;
				CLANG_ENABLE_OBJC_WEAK = YES;
				CLANG_WARN_BLOCK_CAPTURE_AUTORELEASING = YES;
				CLANG_WARN_BOOL_CONVERSION = YES;
				CLANG_WARN_COMMA = YES;
				CLANG_WARN_CONSTANT_CONVERSION = YES;
				CLANG_WARN_DEPRECATED_OBJC_IMPLEMENTATIONS = YES;
				CLANG_WARN_DIRECT_OBJC_ISA_USAGE = YES_ERROR;
				CLANG_WARN_DOCUMENTATION_COMMENTS = YES;
				CLANG_WARN_EMPTY_BODY = YES;
				CLANG_WARN_ENUM_CONVERSION = YES;
				CLANG_WARN_INFINITE_RECURSION = YES;
				CLANG_WARN_INT_CONVERSION = YES;
				CLANG_WARN_NON_LITERAL_NULL_CONVERSION = YES;
				CLANG_WARN_OBJC_IMPLICIT_RETAIN_SELF = YES;
				CLANG_WARN_OBJC_LITERAL_CONVERSION = YES;
				CLANG_WARN_OBJC_ROOT_CLASS = YES_ERROR;
				CLANG_WARN_QUOTED_INCLUDE_IN_FRAMEWORK_HEADER = YES;
				CLANG_WARN_RANGE_LOOP_ANALYSIS = YES;
				CLANG_WARN_STRICT_PROTOTYPES = YES;
				CLANG_WARN_SUSPICIOUS_MOVE = YES;
				CLANG_WARN_UNGUARDED_AVAILABILITY = YES_AGGRESSIVE;
				CLANG_WARN_UNREACHABLE_CODE = YES;
				CLANG_WARN__DUPLICATE_METHOD_MATCH = YES;
				COPY_PHASE_STRIP = NO;
				DEAD_CODE_STRIPPING = YES;
				DEBUG_INFORMATION_FORMAT = dwarf;
				ENABLE_STRICT_OBJC_MSGSEND = YES;
				ENABLE_TESTABILITY = YES;
				GCC_C_LANGUAGE_STANDARD = gnu11;
				GCC_DYNAMIC_NO_PIC = NO;
				GCC_NO_COMMON_BLOCKS = YES;
				GCC_OPTIMIZATION_LEVEL = 0;
				GCC_PREPROCESSOR_DEFINITIONS = (
					"DEBUG=1",
					"$(inherited)",
				);
				GCC_WARN_64_TO_32_BIT_CONVERSION = YES;
				GCC_WARN_ABOUT_RETURN_TYPE = YES_ERROR;
				GCC_WARN_UNDECLARED_SELECTOR = YES;
				GCC_WARN_UNINITIALIZED_AUTOS = YES_AGGRESSIVE;
				GCC_WARN_UNUSED_FUNCTION = YES;
				GCC_WARN_UNUSED_VARIABLE = YES;
				MACOSX_DEPLOYMENT_TARGET = 11.0;
				MTL_ENABLE_DEBUG_INFO = INCLUDE_SOURCE;
				MTL_FAST_MATH = YES;
				ONLY_ACTIVE_ARCH = YES;
				SDKROOT = macosx;
				SWIFT_ACTIVE_COMPILATION_CONDITIONS = DEBUG;
				SWIFT_OPTIMIZATION_LEVEL = "-Onone";
			};
			name = Debug;
		};
		4D055536280F7B6200F2CA80 /* Release */ = {
			isa = XCBuildConfiguration;
			buildSettings = {
				ALWAYS_SEARCH_USER_PATHS = NO;
				CLANG_ANALYZER_NONNULL = YES;
				CLANG_ANALYZER_NUMBER_OBJECT_CONVERSION = YES_AGGRESSIVE;
				CLANG_CXX_LANGUAGE_STANDARD = "gnu++17";
				CLANG_ENABLE_MODULES = YES;
				CLANG_ENABLE_OBJC_ARC = YES;
				CLANG_ENABLE_OBJC_WEAK = YES;
				CLANG_WARN_BLOCK_CAPTURE_AUTORELEASING = YES;
				CLANG_WARN_BOOL_CONVERSION = YES;
				CLANG_WARN_COMMA = YES;
				CLANG_WARN_CONSTANT_CONVERSION = YES;
				CLANG_WARN_DEPRECATED_OBJC_IMPLEMENTATIONS = YES;
				CLANG_WARN_DIRECT_OBJC_ISA_USAGE = YES_ERROR;
				CLANG_WARN_DOCUMENTATION_COMMENTS = YES;
				CLANG_WARN_EMPTY_BODY = YES;
				CLANG_WARN_ENUM_CONVERSION = YES;
				CLANG_WARN_INFINITE_RECURSION = YES;
				CLANG_WARN_INT_CONVERSION = YES;
				CLANG_WARN_NON_LITERAL_NULL_CONVERSION = YES;
				CLANG_WARN_OBJC_IMPLICIT_RETAIN_SELF = YES;
				CLANG_WARN_OBJC_LITERAL_CONVERSION = YES;
				CLANG_WARN_OBJC_ROOT_CLASS = YES_ERROR;
				CLANG_WARN_QUOTED_INCLUDE_IN_FRAMEWORK_HEADER = YES;
				CLANG_WARN_RANGE_LOOP_ANALYSIS = YES;
				CLANG_WARN_STRICT_PROTOTYPES = YES;
				CLANG_WARN_SUSPICIOUS_MOVE = YES;
				CLANG_WARN_UNGUARDED_AVAILABILITY = YES_AGGRESSIVE;
				CLANG_WARN_UNREACHABLE_CODE = YES;
				CLANG_WARN__DUPLICATE_METHOD_MATCH = YES;
				COPY_PHASE_STRIP = NO;
				DEAD_CODE_STRIPPING = YES;
				DEBUG_INFORMATION_FORMAT = "dwarf-with-dsym";
				ENABLE_NS_ASSERTIONS = NO;
				ENABLE_STRICT_OBJC_MSGSEND = YES;
				GCC_C_LANGUAGE_STANDARD = gnu11;
				GCC_NO_COMMON_BLOCKS = YES;
				GCC_WARN_64_TO_32_BIT_CONVERSION = YES;
				GCC_WARN_ABOUT_RETURN_TYPE = YES_ERROR;
				GCC_WARN_UNDECLARED_SELECTOR = YES;
				GCC_WARN_UNINITIALIZED_AUTOS = YES_AGGRESSIVE;
				GCC_WARN_UNUSED_FUNCTION = YES;
				GCC_WARN_UNUSED_VARIABLE = YES;
				MACOSX_DEPLOYMENT_TARGET = 11.0;
				MTL_ENABLE_DEBUG_INFO = NO;
				MTL_FAST_MATH = YES;
				SDKROOT = macosx;
				SWIFT_COMPILATION_MODE = wholemodule;
				SWIFT_OPTIMIZATION_LEVEL = "-O";
			};
			name = Release;
		};
		4D055538280F7B6200F2CA80 /* Debug */ = {
			isa = XCBuildConfiguration;
			buildSettings = {
				ASSETCATALOG_COMPILER_APPICON_NAME = AppIcon;
				ASSETCATALOG_COMPILER_GLOBAL_ACCENT_COLOR_NAME = AccentColor;
				CODE_SIGN_ENTITLEMENTS = BeaconEmitter/BeaconEmitter.entitlements;
				CODE_SIGN_IDENTITY = "-";
				"CODE_SIGN_IDENTITY[sdk=macosx*]" = "Apple Development";
				CODE_SIGN_STYLE = Automatic;
				COMBINE_HIDPI_IMAGES = YES;
				CURRENT_PROJECT_VERSION = 1;
				DEAD_CODE_STRIPPING = YES;
				DEVELOPMENT_ASSET_PATHS = "\"BeaconEmitter/Preview Content\"";
				DEVELOPMENT_TEAM = R777T775T9;
				ENABLE_HARDENED_RUNTIME = YES;
				ENABLE_PREVIEWS = YES;
				GENERATE_INFOPLIST_FILE = YES;
				INFOPLIST_KEY_CFBundleDisplayName = "Beacon Emitter";
				INFOPLIST_KEY_LSApplicationCategoryType = "public.app-category.developer-tools";
				INFOPLIST_KEY_NSBluetoothAlwaysUsageDescription = "We need your permission to use Bluetooth to share iBeacon";
				INFOPLIST_KEY_NSHumanReadableCopyright = "";
				LD_RUNPATH_SEARCH_PATHS = (
					"$(inherited)",
					"@executable_path/../Frameworks",
				);
				MACOSX_DEPLOYMENT_TARGET = 11.0;
				MARKETING_VERSION = 1.0;
				PRODUCT_BUNDLE_IDENTIFIER = dev.l18.app.BeaconEmitter;
				PRODUCT_NAME = "$(TARGET_NAME)";
				SWIFT_EMIT_LOC_STRINGS = YES;
				SWIFT_VERSION = 5.0;
			};
			name = Debug;
		};
		4D055539280F7B6200F2CA80 /* Release */ = {
			isa = XCBuildConfiguration;
			buildSettings = {
				ASSETCATALOG_COMPILER_APPICON_NAME = AppIcon;
				ASSETCATALOG_COMPILER_GLOBAL_ACCENT_COLOR_NAME = AccentColor;
				CODE_SIGN_ENTITLEMENTS = BeaconEmitter/BeaconEmitter.entitlements;
				CODE_SIGN_IDENTITY = "-";
				"CODE_SIGN_IDENTITY[sdk=macosx*]" = "Apple Development";
				CODE_SIGN_STYLE = Automatic;
				COMBINE_HIDPI_IMAGES = YES;
				CURRENT_PROJECT_VERSION = 1;
				DEAD_CODE_STRIPPING = YES;
				DEVELOPMENT_ASSET_PATHS = "\"BeaconEmitter/Preview Content\"";
				DEVELOPMENT_TEAM = R777T775T9;
				ENABLE_HARDENED_RUNTIME = YES;
				ENABLE_PREVIEWS = YES;
				GENERATE_INFOPLIST_FILE = YES;
				INFOPLIST_KEY_CFBundleDisplayName = "Beacon Emitter";
				INFOPLIST_KEY_LSApplicationCategoryType = "public.app-category.developer-tools";
				INFOPLIST_KEY_NSBluetoothAlwaysUsageDescription = "We need your permission to use Bluetooth to share iBeacon";
				INFOPLIST_KEY_NSHumanReadableCopyright = "";
				LD_RUNPATH_SEARCH_PATHS = (
					"$(inherited)",
					"@executable_path/../Frameworks",
				);
				MACOSX_DEPLOYMENT_TARGET = 11.0;
				MARKETING_VERSION = 1.0;
				PRODUCT_BUNDLE_IDENTIFIER = dev.l18.app.BeaconEmitter;
				PRODUCT_NAME = "$(TARGET_NAME)";
				SWIFT_EMIT_LOC_STRINGS = YES;
				SWIFT_VERSION = 5.0;
			};
			name = Release;
		};
/* End XCBuildConfiguration section */

/* Begin XCConfigurationList section */
		4D055523280F7B6000F2CA80 /* Build configuration list for PBXProject "BeaconEmitter" */ = {
			isa = XCConfigurationList;
			buildConfigurations = (
				4D055535280F7B6200F2CA80 /* Debug */,
				4D055536280F7B6200F2CA80 /* Release */,
			);
			defaultConfigurationIsVisible = 0;
			defaultConfigurationName = Release;
		};
		4D055537280F7B6200F2CA80 /* Build configuration list for PBXNativeTarget "BeaconEmitter" */ = {
			isa = XCConfigurationList;
			buildConfigurations = (
				4D055538280F7B6200F2CA80 /* Debug */,
				4D055539280F7B6200F2CA80 /* Release */,
			);
			defaultConfigurationIsVisible = 0;
			defaultConfigurationName = Release;
		};
/* End XCConfigurationList section */
	};
	rootObject = 4D055520280F7B6000F2CA80 /* Project object */;
}
